
Microsoft Visual Studio Solution File, Format Version 12.00
# Visual Studio Version 17
VisualStudioVersion = 17.9.34728.123
MinimumVisualStudioVersion = 10.0.40219.1
Project("{FAE04EC0-301F-11D3-BF4B-00C04F79EFBC}") = "SfComboBoxTest", "SfComboBoxTest.csproj", "{04CE0E7F-4E51-48FD-AE99-8823BB72F66F}"
EndProject
Global
	GlobalSection(SolutionConfigurationPlatforms) = preSolution
		Debug|Any CPU = Debug|Any CPU
		Release|Any CPU = Release|Any CPU
	EndGlobalSection
	GlobalSection(ProjectConfigurationPlatforms) = postSolution
		{04CE0E7F-4E51-48FD-AE99-8823BB72F66F}.Debug|Any CPU.ActiveCfg = Debug|Any CPU
		{04CE0E7F-4E51-48FD-AE99-8823BB72F66F}.Debug|Any CPU.Build.0 = Debug|Any CPU
		{04CE0E7F-4E51-48FD-AE99-8823BB72F66F}.Debug|Any CPU.Deploy.0 = Debug|Any CPU
		{04CE0E7F-4E51-48FD-AE99-8823BB72F66F}.Release|Any CPU.ActiveCfg = Release|Any CPU
		{04CE0E7F-4E51-48FD-AE99-8823BB72F66F}.Release|Any CPU.Build.0 = Release|Any CPU
		{04CE0E7F-4E51-48FD-AE99-8823BB72F66F}.Release|Any CPU.Deploy.0 = Release|Any CPU
	EndGlobalSection
	GlobalSection(SolutionProperties) = preSolution
		HideSolutionNode = FALSE
	EndGlobalSection
	GlobalSection(ExtensibilityGlobals) = postSolution
		SolutionGuid = {2E82165E-4A74-4F15-87E5-0B22BDD92F76}
	EndGlobalSection
EndGlobal
